
Microsoft Visual Studio Solution File, Format Version 12.00
# Visual Studio 2013
VisualStudioVersion = 12.0.30723.0
MinimumVisualStudioVersion = 10.0.40219.1
Project("{FAE04EC0-301F-11D3-BF4B-00C04F79EFBC}") = "IISProjektas", "IISProjektas\IISProjektas.csproj", "{8D9E7685-7D25-4D45-8E89-1533EA8B7533}"
EndProject
Global
	GlobalSection(SolutionConfigurationPlatforms) = preSolution
		Debug|Any CPU = Debug|Any CPU
		Release|Any CPU = Release|Any CPU
	EndGlobalSection
	GlobalSection(ProjectConfigurationPlatforms) = postSolution
		{8D9E7685-7D25-4D45-8E89-1533EA8B7533}.Debug|Any CPU.ActiveCfg = Debug|Any CPU
		{8D9E7685-7D25-4D45-8E89-1533EA8B7533}.Debug|Any CPU.Build.0 = Debug|Any CPU
		{8D9E7685-7D25-4D45-8E89-1533EA8B7533}.Release|Any CPU.ActiveCfg = Release|Any CPU
		{8D9E7685-7D25-4D45-8E89-1533EA8B7533}.Release|Any CPU.Build.0 = Release|Any CPU
	EndGlobalSection
	GlobalSection(SolutionProperties) = preSolution
		HideSolutionNode = FALSE
	EndGlobalSection
EndGlobal
